// !$*UTF8*$!
{
	archiveVersion = 1;
	classes = {
	};
	objectVersion = 55;
	objects = {

/* Begin PBXBuildFile section */
		A1CAD205280147F30097C36C /* AppDelegate.swift in Sources */ = {isa = PBXBuildFile; fileRef = A1CAD204280147F30097C36C /* AppDelegate.swift */; };
		A1CAD207280147F30097C36C /* SceneDelegate.swift in Sources */ = {isa = PBXBuildFile; fileRef = A1CAD206280147F30097C36C /* SceneDelegate.swift */; };
		A1CAD209280147F30097C36C /* MainTabBarViewController.swift in Sources */ = {isa = PBXBuildFile; fileRef = A1CAD208280147F30097C36C /* MainTabBarViewController.swift */; };
		A1CAD20E280147F40097C36C /* Assets.xcassets in Resources */ = {isa = PBXBuildFile; fileRef = A1CAD20D280147F40097C36C /* Assets.xcassets */; };
		A1CAD211280147F40097C36C /* LaunchScreen.storyboard in Resources */ = {isa = PBXBuildFile; fileRef = A1CAD20F280147F40097C36C /* LaunchScreen.storyboard */; };
		A1CAD21C280147F40097C36C /* NetflixCloneTests.swift in Sources */ = {isa = PBXBuildFile; fileRef = A1CAD21B280147F40097C36C /* NetflixCloneTests.swift */; };
		A1CAD226280147F40097C36C /* NetflixCloneUITests.swift in Sources */ = {isa = PBXBuildFile; fileRef = A1CAD225280147F40097C36C /* NetflixCloneUITests.swift */; };
		A1CAD228280147F40097C36C /* NetflixCloneUITestsLaunchTests.swift in Sources */ = {isa = PBXBuildFile; fileRef = A1CAD227280147F40097C36C /* NetflixCloneUITestsLaunchTests.swift */; };
		A1CAD23628014EEA0097C36C /* HomeViewController.swift in Sources */ = {isa = PBXBuildFile; fileRef = A1CAD23528014EEA0097C36C /* HomeViewController.swift */; };
		A1CAD23828014EFD0097C36C /* UpcomingViewController.swift in Sources */ = {isa = PBXBuildFile; fileRef = A1CAD23728014EFD0097C36C /* UpcomingViewController.swift */; };
		A1CAD23A28014F090097C36C /* SearchViewController.swift in Sources */ = {isa = PBXBuildFile; fileRef = A1CAD23928014F090097C36C /* SearchViewController.swift */; };
		A1CAD23C28014F2B0097C36C /* DownloadsViewController.swift in Sources */ = {isa = PBXBuildFile; fileRef = A1CAD23B28014F2B0097C36C /* DownloadsViewController.swift */; };
		A1CAD243280154BB0097C36C /* CollectionViewTableViewCell.swift in Sources */ = {isa = PBXBuildFile; fileRef = A1CAD242280154BB0097C36C /* CollectionViewTableViewCell.swift */; };
/* End PBXBuildFile section */

/* Begin PBXContainerItemProxy section */
		A1CAD218280147F40097C36C /* PBXContainerItemProxy */ = {
			isa = PBXContainerItemProxy;
			containerPortal = A1CAD1F9280147F30097C36C /* Project object */;
			proxyType = 1;
			remoteGlobalIDString = A1CAD200280147F30097C36C;
			remoteInfo = NetflixClone;
		};
		A1CAD222280147F40097C36C /* PBXContainerItemProxy */ = {
			isa = PBXContainerItemProxy;
			containerPortal = A1CAD1F9280147F30097C36C /* Project object */;
			proxyType = 1;
			remoteGlobalIDString = A1CAD200280147F30097C36C;
			remoteInfo = NetflixClone;
		};
/* End PBXContainerItemProxy section */

/* Begin PBXFileReference section */
		A1CAD201280147F30097C36C /* NetflixClone.app */ = {isa = PBXFileReference; explicitFileType = wrapper.application; includeInIndex = 0; path = NetflixClone.app; sourceTree = BUILT_PRODUCTS_DIR; };
		A1CAD204280147F30097C36C /* AppDelegate.swift */ = {isa = PBXFileReference; lastKnownFileType = sourcecode.swift; path = AppDelegate.swift; sourceTree = "<group>"; };
		A1CAD206280147F30097C36C /* SceneDelegate.swift */ = {isa = PBXFileReference; lastKnownFileType = sourcecode.swift; path = SceneDelegate.swift; sourceTree = "<group>"; };
		A1CAD208280147F30097C36C /* MainTabBarViewController.swift */ = {isa = PBXFileReference; lastKnownFileType = sourcecode.swift; path = MainTabBarViewController.swift; sourceTree = "<group>"; };
		A1CAD20D280147F40097C36C /* Assets.xcassets */ = {isa = PBXFileReference; lastKnownFileType = folder.assetcatalog; path = Assets.xcassets; sourceTree = "<group>"; };
		A1CAD210280147F40097C36C /* Base */ = {isa = PBXFileReference; lastKnownFileType = file.storyboard; name = Base; path = Base.lproj/LaunchScreen.storyboard; sourceTree = "<group>"; };
		A1CAD212280147F40097C36C /* Info.plist */ = {isa = PBXFileReference; lastKnownFileType = text.plist.xml; path = Info.plist; sourceTree = "<group>"; };
		A1CAD217280147F40097C36C /* NetflixCloneTests.xctest */ = {isa = PBXFileReference; explicitFileType = wrapper.cfbundle; includeInIndex = 0; path = NetflixCloneTests.xctest; sourceTree = BUILT_PRODUCTS_DIR; };
		A1CAD21B280147F40097C36C /* NetflixCloneTests.swift */ = {isa = PBXFileReference; lastKnownFileType = sourcecode.swift; path = NetflixCloneTests.swift; sourceTree = "<group>"; };
		A1CAD221280147F40097C36C /* NetflixCloneUITests.xctest */ = {isa = PBXFileReference; explicitFileType = wrapper.cfbundle; includeInIndex = 0; path = NetflixCloneUITests.xctest; sourceTree = BUILT_PRODUCTS_DIR; };
		A1CAD225280147F40097C36C /* NetflixCloneUITests.swift */ = {isa = PBXFileReference; lastKnownFileType = sourcecode.swift; path = NetflixCloneUITests.swift; sourceTree = "<group>"; };
		A1CAD227280147F40097C36C /* NetflixCloneUITestsLaunchTests.swift */ = {isa = PBXFileReference; lastKnownFileType = sourcecode.swift; path = NetflixCloneUITestsLaunchTests.swift; sourceTree = "<group>"; };
		A1CAD23528014EEA0097C36C /* HomeViewController.swift */ = {isa = PBXFileReference; lastKnownFileType = sourcecode.swift; path = HomeViewController.swift; sourceTree = "<group>"; };
		A1CAD23728014EFD0097C36C /* UpcomingViewController.swift */ = {isa = PBXFileReference; lastKnownFileType = sourcecode.swift; path = UpcomingViewController.swift; sourceTree = "<group>"; };
		A1CAD23928014F090097C36C /* SearchViewController.swift */ = {isa = PBXFileReference; lastKnownFileType = sourcecode.swift; path = SearchViewController.swift; sourceTree = "<group>"; };
		A1CAD23B28014F2B0097C36C /* DownloadsViewController.swift */ = {isa = PBXFileReference; lastKnownFileType = sourcecode.swift; path = DownloadsViewController.swift; sourceTree = "<group>"; };
		A1CAD242280154BB0097C36C /* CollectionViewTableViewCell.swift */ = {isa = PBXFileReference; lastKnownFileType = sourcecode.swift; path = CollectionViewTableViewCell.swift; sourceTree = "<group>"; };
/* End PBXFileReference section */

/* Begin PBXFrameworksBuildPhase section */
		A1CAD1FE280147F30097C36C /* Frameworks */ = {
			isa = PBXFrameworksBuildPhase;
			buildActionMask = 2147483647;
			files = (
			);
			runOnlyForDeploymentPostprocessing = 0;
		};
		A1CAD214280147F40097C36C /* Frameworks */ = {
			isa = PBXFrameworksBuildPhase;
			buildActionMask = 2147483647;
			files = (
			);
			runOnlyForDeploymentPostprocessing = 0;
		};
		A1CAD21E280147F40097C36C /* Frameworks */ = {
			isa = PBXFrameworksBuildPhase;
			buildActionMask = 2147483647;
			files = (
			);
			runOnlyForDeploymentPostprocessing = 0;
		};
/* End PBXFrameworksBuildPhase section */

/* Begin PBXGroup section */
		A1CAD1F8280147F30097C36C = {
			isa = PBXGroup;
			children = (
				A1CAD203280147F30097C36C /* NetflixClone */,
				A1CAD21A280147F40097C36C /* NetflixCloneTests */,
				A1CAD224280147F40097C36C /* NetflixCloneUITests */,
				A1CAD202280147F30097C36C /* Products */,
			);
			sourceTree = "<group>";
		};
		A1CAD202280147F30097C36C /* Products */ = {
			isa = PBXGroup;
			children = (
				A1CAD201280147F30097C36C /* NetflixClone.app */,
				A1CAD217280147F40097C36C /* NetflixCloneTests.xctest */,
				A1CAD221280147F40097C36C /* NetflixCloneUITests.xctest */,
			);
			name = Products;
			sourceTree = "<group>";
		};
		A1CAD203280147F30097C36C /* NetflixClone */ = {
			isa = PBXGroup;
			children = (
				A1CAD241280154890097C36C /* Mangers */,
				A1CAD240280154810097C36C /* Resources */,
				A1CAD23F280154690097C36C /* Models */,
				A1CAD23D280154560097C36C /* View */,
				A1CAD23E2801545E0097C36C /* ViewModels */,
				A1CAD23428014EC90097C36C /* Controllers */,
				A1CAD206280147F30097C36C /* SceneDelegate.swift */,
				A1CAD204280147F30097C36C /* AppDelegate.swift */,
				A1CAD208280147F30097C36C /* MainTabBarViewController.swift */,
				A1CAD20D280147F40097C36C /* Assets.xcassets */,
				A1CAD20F280147F40097C36C /* LaunchScreen.storyboard */,
				A1CAD212280147F40097C36C /* Info.plist */,
			);
			path = NetflixClone;
			sourceTree = "<group>";
		};
		A1CAD21A280147F40097C36C /* NetflixCloneTests */ = {
			isa = PBXGroup;
			children = (
				A1CAD21B280147F40097C36C /* NetflixCloneTests.swift */,
			);
			path = NetflixCloneTests;
			sourceTree = "<group>";
		};
		A1CAD224280147F40097C36C /* NetflixCloneUITests */ = {
			isa = PBXGroup;
			children = (
				A1CAD225280147F40097C36C /* NetflixCloneUITests.swift */,
				A1CAD227280147F40097C36C /* NetflixCloneUITestsLaunchTests.swift */,
			);
			path = NetflixCloneUITests;
			sourceTree = "<group>";
		};
		A1CAD23428014EC90097C36C /* Controllers */ = {
			isa = PBXGroup;
			children = (
				A1CAD23528014EEA0097C36C /* HomeViewController.swift */,
				A1CAD23728014EFD0097C36C /* UpcomingViewController.swift */,
				A1CAD23928014F090097C36C /* SearchViewController.swift */,
				A1CAD23B28014F2B0097C36C /* DownloadsViewController.swift */,
			);
			path = Controllers;
			sourceTree = "<group>";
		};
		A1CAD23D280154560097C36C /* View */ = {
			isa = PBXGroup;
			children = (
				A1CAD242280154BB0097C36C /* CollectionViewTableViewCell.swift */,
			);
			path = View;
			sourceTree = "<group>";
		};
		A1CAD23E2801545E0097C36C /* ViewModels */ = {
			isa = PBXGroup;
			children = (
			);
			path = ViewModels;
			sourceTree = "<group>";
		};
		A1CAD23F280154690097C36C /* Models */ = {
			isa = PBXGroup;
			children = (
			);
			path = Models;
			sourceTree = "<group>";
		};
		A1CAD240280154810097C36C /* Resources */ = {
			isa = PBXGroup;
			children = (
			);
			path = Resources;
			sourceTree = "<group>";
		};
		A1CAD241280154890097C36C /* Mangers */ = {
			isa = PBXGroup;
			children = (
			);
			path = Mangers;
			sourceTree = "<group>";
		};
/* End PBXGroup section */

/* Begin PBXNativeTarget section */
		A1CAD200280147F30097C36C /* NetflixClone */ = {
			isa = PBXNativeTarget;
			buildConfigurationList = A1CAD22B280147F40097C36C /* Build configuration list for PBXNativeTarget "NetflixClone" */;
			buildPhases = (
				A1CAD1FD280147F30097C36C /* Sources */,
				A1CAD1FE280147F30097C36C /* Frameworks */,
				A1CAD1FF280147F30097C36C /* Resources */,
			);
			buildRules = (
			);
			dependencies = (
			);
			name = NetflixClone;
			productName = NetflixClone;
			productReference = A1CAD201280147F30097C36C /* NetflixClone.app */;
			productType = "com.apple.product-type.application";
		};
		A1CAD216280147F40097C36C /* NetflixCloneTests */ = {
			isa = PBXNativeTarget;
			buildConfigurationList = A1CAD22E280147F40097C36C /* Build configuration list for PBXNativeTarget "NetflixCloneTests" */;
			buildPhases = (
				A1CAD213280147F40097C36C /* Sources */,
				A1CAD214280147F40097C36C /* Frameworks */,
				A1CAD215280147F40097C36C /* Resources */,
			);
			buildRules = (
			);
			dependencies = (
				A1CAD219280147F40097C36C /* PBXTargetDependency */,
			);
			name = NetflixCloneTests;
			productName = NetflixCloneTests;
			productReference = A1CAD217280147F40097C36C /* NetflixCloneTests.xctest */;
			productType = "com.apple.product-type.bundle.unit-test";
		};
		A1CAD220280147F40097C36C /* NetflixCloneUITests */ = {
			isa = PBXNativeTarget;
			buildConfigurationList = A1CAD231280147F40097C36C /* Build configuration list for PBXNativeTarget "NetflixCloneUITests" */;
			buildPhases = (
				A1CAD21D280147F40097C36C /* Sources */,
				A1CAD21E280147F40097C36C /* Frameworks */,
				A1CAD21F280147F40097C36C /* Resources */,
			);
			buildRules = (
			);
			dependencies = (
				A1CAD223280147F40097C36C /* PBXTargetDependency */,
			);
			name = NetflixCloneUITests;
			productName = NetflixCloneUITests;
			productReference = A1CAD221280147F40097C36C /* NetflixCloneUITests.xctest */;
			productType = "com.apple.product-type.bundle.ui-testing";
		};
/* End PBXNativeTarget section */

/* Begin PBXProject section */
		A1CAD1F9280147F30097C36C /* Project object */ = {
			isa = PBXProject;
			attributes = {
				BuildIndependentTargetsInParallel = 1;
				LastSwiftUpdateCheck = 1320;
				LastUpgradeCheck = 1320;
				TargetAttributes = {
					A1CAD200280147F30097C36C = {
						CreatedOnToolsVersion = 13.2.1;
					};
					A1CAD216280147F40097C36C = {
						CreatedOnToolsVersion = 13.2.1;
						TestTargetID = A1CAD200280147F30097C36C;
					};
					A1CAD220280147F40097C36C = {
						CreatedOnToolsVersion = 13.2.1;
						TestTargetID = A1CAD200280147F30097C36C;
					};
				};
			};
			buildConfigurationList = A1CAD1FC280147F30097C36C /* Build configuration list for PBXProject "NetflixClone" */;
			compatibilityVersion = "Xcode 13.0";
			developmentRegion = en;
			hasScannedForEncodings = 0;
			knownRegions = (
				en,
				Base,
			);
			mainGroup = A1CAD1F8280147F30097C36C;
			productRefGroup = A1CAD202280147F30097C36C /* Products */;
			projectDirPath = "";
			projectRoot = "";
			targets = (
				A1CAD200280147F30097C36C /* NetflixClone */,
				A1CAD216280147F40097C36C /* NetflixCloneTests */,
				A1CAD220280147F40097C36C /* NetflixCloneUITests */,
			);
		};
/* End PBXProject section */

/* Begin PBXResourcesBuildPhase section */
		A1CAD1FF280147F30097C36C /* Resources */ = {
			isa = PBXResourcesBuildPhase;
			buildActionMask = 2147483647;
			files = (
				A1CAD211280147F40097C36C /* LaunchScreen.storyboard in Resources */,
				A1CAD20E280147F40097C36C /* Assets.xcassets in Resources */,
			);
			runOnlyForDeploymentPostprocessing = 0;
		};
		A1CAD215280147F40097C36C /* Resources */ = {
			isa = PBXResourcesBuildPhase;
			buildActionMask = 2147483647;
			files = (
			);
			runOnlyForDeploymentPostprocessing = 0;
		};
		A1CAD21F280147F40097C36C /* Resources */ = {
			isa = PBXResourcesBuildPhase;
			buildActionMask = 2147483647;
			files = (
			);
			runOnlyForDeploymentPostprocessing = 0;
		};
/* End PBXResourcesBuildPhase section */

/* Begin PBXSourcesBuildPhase section */
		A1CAD1FD280147F30097C36C /* Sources */ = {
			isa = PBXSourcesBuildPhase;
			buildActionMask = 2147483647;
			files = (
				A1CAD23A28014F090097C36C /* SearchViewController.swift in Sources */,
				A1CAD209280147F30097C36C /* MainTabBarViewController.swift in Sources */,
				A1CAD243280154BB0097C36C /* CollectionViewTableViewCell.swift in Sources */,
				A1CAD23C28014F2B0097C36C /* DownloadsViewController.swift in Sources */,
				A1CAD205280147F30097C36C /* AppDelegate.swift in Sources */,
				A1CAD207280147F30097C36C /* SceneDelegate.swift in Sources */,
				A1CAD23828014EFD0097C36C /* UpcomingViewController.swift in Sources */,
				A1CAD23628014EEA0097C36C /* HomeViewController.swift in Sources */,
			);
			runOnlyForDeploymentPostprocessing = 0;
		};
		A1CAD213280147F40097C36C /* Sources */ = {
			isa = PBXSourcesBuildPhase;
			buildActionMask = 2147483647;
			files = (
				A1CAD21C280147F40097C36C /* NetflixCloneTests.swift in Sources */,
			);
			runOnlyForDeploymentPostprocessing = 0;
		};
		A1CAD21D280147F40097C36C /* Sources */ = {
			isa = PBXSourcesBuildPhase;
			buildActionMask = 2147483647;
			files = (
				A1CAD226280147F40097C36C /* NetflixCloneUITests.swift in Sources */,
				A1CAD228280147F40097C36C /* NetflixCloneUITestsLaunchTests.swift in Sources */,
			);
			runOnlyForDeploymentPostprocessing = 0;
		};
/* End PBXSourcesBuildPhase section */

/* Begin PBXTargetDependency section */
		A1CAD219280147F40097C36C /* PBXTargetDependency */ = {
			isa = PBXTargetDependency;
			target = A1CAD200280147F30097C36C /* NetflixClone */;
			targetProxy = A1CAD218280147F40097C36C /* PBXContainerItemProxy */;
		};
		A1CAD223280147F40097C36C /* PBXTargetDependency */ = {
			isa = PBXTargetDependency;
			target = A1CAD200280147F30097C36C /* NetflixClone */;
			targetProxy = A1CAD222280147F40097C36C /* PBXContainerItemProxy */;
		};
/* End PBXTargetDependency section */

/* Begin PBXVariantGroup section */
		A1CAD20F280147F40097C36C /* LaunchScreen.storyboard */ = {
			isa = PBXVariantGroup;
			children = (
				A1CAD210280147F40097C36C /* Base */,
			);
			name = LaunchScreen.storyboard;
			sourceTree = "<group>";
		};
/* End PBXVariantGroup section */

/* Begin XCBuildConfiguration section */
		A1CAD229280147F40097C36C /* Debug */ = {
			isa = XCBuildConfiguration;
			buildSettings = {
				ALWAYS_SEARCH_USER_PATHS = NO;
				CLANG_ANALYZER_NONNULL = YES;
				CLANG_ANALYZER_NUMBER_OBJECT_CONVERSION = YES_AGGRESSIVE;
				CLANG_CXX_LANGUAGE_STANDARD = "gnu++17";
				CLANG_CXX_LIBRARY = "libc++";
				CLANG_ENABLE_MODULES = YES;
				CLANG_ENABLE_OBJC_ARC = YES;
				CLANG_ENABLE_OBJC_WEAK = YES;
				CLANG_WARN_BLOCK_CAPTURE_AUTORELEASING = YES;
				CLANG_WARN_BOOL_CONVERSION = YES;
				CLANG_WARN_COMMA = YES;
				CLANG_WARN_CONSTANT_CONVERSION = YES;
				CLANG_WARN_DEPRECATED_OBJC_IMPLEMENTATIONS = YES;
				CLANG_WARN_DIRECT_OBJC_ISA_USAGE = YES_ERROR;
				CLANG_WARN_DOCUMENTATION_COMMENTS = YES;
				CLANG_WARN_EMPTY_BODY = YES;
				CLANG_WARN_ENUM_CONVERSION = YES;
				CLANG_WARN_INFINITE_RECURSION = YES;
				CLANG_WARN_INT_CONVERSION = YES;
				CLANG_WARN_NON_LITERAL_NULL_CONVERSION = YES;
				CLANG_WARN_OBJC_IMPLICIT_RETAIN_SELF = YES;
				CLANG_WARN_OBJC_LITERAL_CONVERSION = YES;
				CLANG_WARN_OBJC_ROOT_CLASS = YES_ERROR;
				CLANG_WARN_QUOTED_INCLUDE_IN_FRAMEWORK_HEADER = YES;
				CLANG_WARN_RANGE_LOOP_ANALYSIS = YES;
				CLANG_WARN_STRICT_PROTOTYPES = YES;
				CLANG_WARN_SUSPICIOUS_MOVE = YES;
				CLANG_WARN_UNGUARDED_AVAILABILITY = YES_AGGRESSIVE;
				CLANG_WARN_UNREACHABLE_CODE = YES;
				CLANG_WARN__DUPLICATE_METHOD_MATCH = YES;
				COPY_PHASE_STRIP = NO;
				DEBUG_INFORMATION_FORMAT = dwarf;
				ENABLE_STRICT_OBJC_MSGSEND = YES;
				ENABLE_TESTABILITY = YES;
				GCC_C_LANGUAGE_STANDARD = gnu11;
				GCC_DYNAMIC_NO_PIC = NO;
				GCC_NO_COMMON_BLOCKS = YES;
				GCC_OPTIMIZATION_LEVEL = 0;
				GCC_PREPROCESSOR_DEFINITIONS = (
					"DEBUG=1",
					"$(inherited)",
				);
				GCC_WARN_64_TO_32_BIT_CONVERSION = YES;
				GCC_WARN_ABOUT_RETURN_TYPE = YES_ERROR;
				GCC_WARN_UNDECLARED_SELECTOR = YES;
				GCC_WARN_UNINITIALIZED_AUTOS = YES_AGGRESSIVE;
				GCC_WARN_UNUSED_FUNCTION = YES;
				GCC_WARN_UNUSED_VARIABLE = YES;
				IPHONEOS_DEPLOYMENT_TARGET = 15.2;
				MTL_ENABLE_DEBUG_INFO = INCLUDE_SOURCE;
				MTL_FAST_MATH = YES;
				ONLY_ACTIVE_ARCH = YES;
				SDKROOT = iphoneos;
				SWIFT_ACTIVE_COMPILATION_CONDITIONS = DEBUG;
				SWIFT_OPTIMIZATION_LEVEL = "-Onone";
			};
			name = Debug;
		};
		A1CAD22A280147F40097C36C /* Release */ = {
			isa = XCBuildConfiguration;
			buildSettings = {
				ALWAYS_SEARCH_USER_PATHS = NO;
				CLANG_ANALYZER_NONNULL = YES;
				CLANG_ANALYZER_NUMBER_OBJECT_CONVERSION = YES_AGGRESSIVE;
				CLANG_CXX_LANGUAGE_STANDARD = "gnu++17";
				CLANG_CXX_LIBRARY = "libc++";
				CLANG_ENABLE_MODULES = YES;
				CLANG_ENABLE_OBJC_ARC = YES;
				CLANG_ENABLE_OBJC_WEAK = YES;
				CLANG_WARN_BLOCK_CAPTURE_AUTORELEASING = YES;
				CLANG_WARN_BOOL_CONVERSION = YES;
				CLANG_WARN_COMMA = YES;
				CLANG_WARN_CONSTANT_CONVERSION = YES;
				CLANG_WARN_DEPRECATED_OBJC_IMPLEMENTATIONS = YES;
				CLANG_WARN_DIRECT_OBJC_ISA_USAGE = YES_ERROR;
				CLANG_WARN_DOCUMENTATION_COMMENTS = YES;
				CLANG_WARN_EMPTY_BODY = YES;
				CLANG_WARN_ENUM_CONVERSION = YES;
				CLANG_WARN_INFINITE_RECURSION = YES;
				CLANG_WARN_INT_CONVERSION = YES;
				CLANG_WARN_NON_LITERAL_NULL_CONVERSION = YES;
				CLANG_WARN_OBJC_IMPLICIT_RETAIN_SELF = YES;
				CLANG_WARN_OBJC_LITERAL_CONVERSION = YES;
				CLANG_WARN_OBJC_ROOT_CLASS = YES_ERROR;
				CLANG_WARN_QUOTED_INCLUDE_IN_FRAMEWORK_HEADER = YES;
				CLANG_WARN_RANGE_LOOP_ANALYSIS = YES;
				CLANG_WARN_STRICT_PROTOTYPES = YES;
				CLANG_WARN_SUSPICIOUS_MOVE = YES;
				CLANG_WARN_UNGUARDED_AVAILABILITY = YES_AGGRESSIVE;
				CLANG_WARN_UNREACHABLE_CODE = YES;
				CLANG_WARN__DUPLICATE_METHOD_MATCH = YES;
				COPY_PHASE_STRIP = NO;
				DEBUG_INFORMATION_FORMAT = "dwarf-with-dsym";
				ENABLE_NS_ASSERTIONS = NO;
				ENABLE_STRICT_OBJC_MSGSEND = YES;
				GCC_C_LANGUAGE_STANDARD = gnu11;
				GCC_NO_COMMON_BLOCKS = YES;
				GCC_WARN_64_TO_32_BIT_CONVERSION = YES;
				GCC_WARN_ABOUT_RETURN_TYPE = YES_ERROR;
				GCC_WARN_UNDECLARED_SELECTOR = YES;
				GCC_WARN_UNINITIALIZED_AUTOS = YES_AGGRESSIVE;
				GCC_WARN_UNUSED_FUNCTION = YES;
				GCC_WARN_UNUSED_VARIABLE = YES;
				IPHONEOS_DEPLOYMENT_TARGET = 15.2;
				MTL_ENABLE_DEBUG_INFO = NO;
				MTL_FAST_MATH = YES;
				SDKROOT = iphoneos;
				SWIFT_COMPILATION_MODE = wholemodule;
				SWIFT_OPTIMIZATION_LEVEL = "-O";
				VALIDATE_PRODUCT = YES;
			};
			name = Release;
		};
		A1CAD22C280147F40097C36C /* Debug */ = {
			isa = XCBuildConfiguration;
			buildSettings = {
				ASSETCATALOG_COMPILER_APPICON_NAME = AppIcon;
				ASSETCATALOG_COMPILER_GLOBAL_ACCENT_COLOR_NAME = AccentColor;
				CODE_SIGN_STYLE = Automatic;
				CURRENT_PROJECT_VERSION = 1;
				DEVELOPMENT_TEAM = LPAWQLXXWM;
				GENERATE_INFOPLIST_FILE = YES;
				INFOPLIST_FILE = NetflixClone/Info.plist;
				INFOPLIST_KEY_UIApplicationSupportsIndirectInputEvents = YES;
				INFOPLIST_KEY_UILaunchStoryboardName = LaunchScreen;
				INFOPLIST_KEY_UISupportedInterfaceOrientations_iPad = "UIInterfaceOrientationPortrait UIInterfaceOrientationPortraitUpsideDown UIInterfaceOrientationLandscapeLeft UIInterfaceOrientationLandscapeRight";
				INFOPLIST_KEY_UISupportedInterfaceOrientations_iPhone = "UIInterfaceOrientationPortrait UIInterfaceOrientationLandscapeLeft UIInterfaceOrientationLandscapeRight";
				LD_RUNPATH_SEARCH_PATHS = (
					"$(inherited)",
					"@executable_path/Frameworks",
				);
				MARKETING_VERSION = 1.0;
				PRODUCT_BUNDLE_IDENTIFIER = com.dhruvil.NetflixClone;
				PRODUCT_NAME = "$(TARGET_NAME)";
				SWIFT_EMIT_LOC_STRINGS = YES;
				SWIFT_VERSION = 5.0;
				TARGETED_DEVICE_FAMILY = "1,2";
			};
			name = Debug;
		};
		A1CAD22D280147F40097C36C /* Release */ = {
			isa = XCBuildConfiguration;
			buildSettings = {
				ASSETCATALOG_COMPILER_APPICON_NAME = AppIcon;
				ASSETCATALOG_COMPILER_GLOBAL_ACCENT_COLOR_NAME = AccentColor;
				CODE_SIGN_STYLE = Automatic;
				CURRENT_PROJECT_VERSION = 1;
				DEVELOPMENT_TEAM = LPAWQLXXWM;
				GENERATE_INFOPLIST_FILE = YES;
				INFOPLIST_FILE = NetflixClone/Info.plist;
				INFOPLIST_KEY_UIApplicationSupportsIndirectInputEvents = YES;
				INFOPLIST_KEY_UILaunchStoryboardName = LaunchScreen;
				INFOPLIST_KEY_UISupportedInterfaceOrientations_iPad = "UIInterfaceOrientationPortrait UIInterfaceOrientationPortraitUpsideDown UIInterfaceOrientationLandscapeLeft UIInterfaceOrientationLandscapeRight";
				INFOPLIST_KEY_UISupportedInterfaceOrientations_iPhone = "UIInterfaceOrientationPortrait UIInterfaceOrientationLandscapeLeft UIInterfaceOrientationLandscapeRight";
				LD_RUNPATH_SEARCH_PATHS = (
					"$(inherited)",
					"@executable_path/Frameworks",
				);
				MARKETING_VERSION = 1.0;
				PRODUCT_BUNDLE_IDENTIFIER = com.dhruvil.NetflixClone;
				PRODUCT_NAME = "$(TARGET_NAME)";
				SWIFT_EMIT_LOC_STRINGS = YES;
				SWIFT_VERSION = 5.0;
				TARGETED_DEVICE_FAMILY = "1,2";
			};
			name = Release;
		};
		A1CAD22F280147F40097C36C /* Debug */ = {
			isa = XCBuildConfiguration;
			buildSettings = {
				ALWAYS_EMBED_SWIFT_STANDARD_LIBRARIES = YES;
				BUNDLE_LOADER = "$(TEST_HOST)";
				CODE_SIGN_STYLE = Automatic;
				CURRENT_PROJECT_VERSION = 1;
				DEVELOPMENT_TEAM = LPAWQLXXWM;
				GENERATE_INFOPLIST_FILE = YES;
				IPHONEOS_DEPLOYMENT_TARGET = 15.2;
				MARKETING_VERSION = 1.0;
				PRODUCT_BUNDLE_IDENTIFIER = com.dhruvil.NetflixCloneTests;
				PRODUCT_NAME = "$(TARGET_NAME)";
				SWIFT_EMIT_LOC_STRINGS = NO;
				SWIFT_VERSION = 5.0;
				TARGETED_DEVICE_FAMILY = "1,2";
				TEST_HOST = "$(BUILT_PRODUCTS_DIR)/NetflixClone.app/NetflixClone";
			};
			name = Debug;
		};
		A1CAD230280147F40097C36C /* Release */ = {
			isa = XCBuildConfiguration;
			buildSettings = {
				ALWAYS_EMBED_SWIFT_STANDARD_LIBRARIES = YES;
				BUNDLE_LOADER = "$(TEST_HOST)";
				CODE_SIGN_STYLE = Automatic;
				CURRENT_PROJECT_VERSION = 1;
				DEVELOPMENT_TEAM = LPAWQLXXWM;
				GENERATE_INFOPLIST_FILE = YES;
				IPHONEOS_DEPLOYMENT_TARGET = 15.2;
				MARKETING_VERSION = 1.0;
				PRODUCT_BUNDLE_IDENTIFIER = com.dhruvil.NetflixCloneTests;
				PRODUCT_NAME = "$(TARGET_NAME)";
				SWIFT_EMIT_LOC_STRINGS = NO;
				SWIFT_VERSION = 5.0;
				TARGETED_DEVICE_FAMILY = "1,2";
				TEST_HOST = "$(BUILT_PRODUCTS_DIR)/NetflixClone.app/NetflixClone";
			};
			name = Release;
		};
		A1CAD232280147F40097C36C /* Debug */ = {
			isa = XCBuildConfiguration;
			buildSettings = {
				ALWAYS_EMBED_SWIFT_STANDARD_LIBRARIES = YES;
				CODE_SIGN_STYLE = Automatic;
				CURRENT_PROJECT_VERSION = 1;
				DEVELOPMENT_TEAM = LPAWQLXXWM;
				GENERATE_INFOPLIST_FILE = YES;
				MARKETING_VERSION = 1.0;
				PRODUCT_BUNDLE_IDENTIFIER = com.dhruvil.NetflixCloneUITests;
				PRODUCT_NAME = "$(TARGET_NAME)";
				SWIFT_EMIT_LOC_STRINGS = NO;
				SWIFT_VERSION = 5.0;
				TARGETED_DEVICE_FAMILY = "1,2";
				TEST_TARGET_NAME = NetflixClone;
			};
			name = Debug;
		};
		A1CAD233280147F40097C36C /* Release */ = {
			isa = XCBuildConfiguration;
			buildSettings = {
				ALWAYS_EMBED_SWIFT_STANDARD_LIBRARIES = YES;
				CODE_SIGN_STYLE = Automatic;
				CURRENT_PROJECT_VERSION = 1;
				DEVELOPMENT_TEAM = LPAWQLXXWM;
				GENERATE_INFOPLIST_FILE = YES;
				MARKETING_VERSION = 1.0;
				PRODUCT_BUNDLE_IDENTIFIER = com.dhruvil.NetflixCloneUITests;
				PRODUCT_NAME = "$(TARGET_NAME)";
				SWIFT_EMIT_LOC_STRINGS = NO;
				SWIFT_VERSION = 5.0;
				TARGETED_DEVICE_FAMILY = "1,2";
				TEST_TARGET_NAME = NetflixClone;
			};
			name = Release;
		};
/* End XCBuildConfiguration section */

/* Begin XCConfigurationList section */
		A1CAD1FC280147F30097C36C /* Build configuration list for PBXProject "NetflixClone" */ = {
			isa = XCConfigurationList;
			buildConfigurations = (
				A1CAD229280147F40097C36C /* Debug */,
				A1CAD22A280147F40097C36C /* Release */,
			);
			defaultConfigurationIsVisible = 0;
			defaultConfigurationName = Release;
		};
		A1CAD22B280147F40097C36C /* Build configuration list for PBXNativeTarget "NetflixClone" */ = {
			isa = XCConfigurationList;
			buildConfigurations = (
				A1CAD22C280147F40097C36C /* Debug */,
				A1CAD22D280147F40097C36C /* Release */,
			);
			defaultConfigurationIsVisible = 0;
			defaultConfigurationName = Release;
		};
		A1CAD22E280147F40097C36C /* Build configuration list for PBXNativeTarget "NetflixCloneTests" */ = {
			isa = XCConfigurationList;
			buildConfigurations = (
				A1CAD22F280147F40097C36C /* Debug */,
				A1CAD230280147F40097C36C /* Release */,
			);
			defaultConfigurationIsVisible = 0;
			defaultConfigurationName = Release;
		};
		A1CAD231280147F40097C36C /* Build configuration list for PBXNativeTarget "NetflixCloneUITests" */ = {
			isa = XCConfigurationList;
			buildConfigurations = (
				A1CAD232280147F40097C36C /* Debug */,
				A1CAD233280147F40097C36C /* Release */,
			);
			defaultConfigurationIsVisible = 0;
			defaultConfigurationName = Release;
		};
/* End XCConfigurationList section */
	};
	rootObject = A1CAD1F9280147F30097C36C /* Project object */;
}
